
Microsoft Visual Studio Solution File, Format Version 10.00
# Visual C# Express 2008
Project("{FAE04EC0-301F-11D3-BF4B-00C04F79EFBC}") = "XNALander", "XNALander\XNALander.csproj", "{6A8BFF38-199E-4691-8F2E-3BEF5AEB12A8}"
EndProject
Global
	GlobalSection(SolutionConfigurationPlatforms) = preSolution
		Debug|x86 = Debug|x86
		Release|x86 = Release|x86
	EndGlobalSection
	GlobalSection(ProjectConfigurationPlatforms) = postSolution
		{6A8BFF38-199E-4691-8F2E-3BEF5AEB12A8}.Debug|x86.ActiveCfg = Debug|x86
		{6A8BFF38-199E-4691-8F2E-3BEF5AEB12A8}.Debug|x86.Build.0 = Debug|x86
		{6A8BFF38-199E-4691-8F2E-3BEF5AEB12A8}.Release|x86.ActiveCfg = Release|x86
		{6A8BFF38-199E-4691-8F2E-3BEF5AEB12A8}.Release|x86.Build.0 = Release|x86
		{F60F8B9B-412F-499E-A08B-C84B30E71075}.Debug|x86.ActiveCfg = Debug|x86
		{F60F8B9B-412F-499E-A08B-C84B30E71075}.Release|x86.ActiveCfg = Release|x86
	EndGlobalSection
	GlobalSection(SolutionProperties) = preSolution
		HideSolutionNode = FALSE
	EndGlobalSection
EndGlobal
